Microsoft Visual Studio Solution File, Format Version 12.00
# Visual Studio Version 17
VisualStudioVersion = 17.5.2.0
MinimumVisualStudioVersion = 10.0.40219.1
Project("{FAE04EC0-301F-11D3-BF4B-00C04F79EFBC}") = "TaskManagerBot", "TaskManagerBot.csproj", "{6A1DCD3F-C3C1-62F5-FECE-9C6146B92FA6}"
EndProject
Global
	GlobalSection(SolutionConfigurationPlatforms) = preSolution
		Debug|Any CPU = Debug|Any CPU
		Release|Any CPU = Release|Any CPU
	EndGlobalSection
	GlobalSection(ProjectConfigurationPlatforms) = postSolution
		{6A1DCD3F-C3C1-62F5-FECE-9C6146B92FA6}.Debug|Any CPU.ActiveCfg = Debug|Any CPU
		{6A1DCD3F-C3C1-62F5-FECE-9C6146B92FA6}.Debug|Any CPU.Build.0 = Debug|Any CPU
		{6A1DCD3F-C3C1-62F5-FECE-9C6146B92FA6}.Release|Any CPU.ActiveCfg = Release|Any CPU
		{6A1DCD3F-C3C1-62F5-FECE-9C6146B92FA6}.Release|Any CPU.Build.0 = Release|Any CPU
	EndGlobalSection
	GlobalSection(SolutionProperties) = preSolution
		HideSolutionNode = FALSE
	EndGlobalSection
	GlobalSection(ExtensibilityGlobals) = postSolution
		SolutionGuid = {B4998840-E70D-496F-A995-5BA511023189}
	EndGlobalSection
EndGlobal
